{
  "name": "zkjakaroo",
  "version": "1.0.0",
  "lockfileVersion": 2,
  "requires": true,
  "packages": {
    "": {
      "name": "zkjakaroo",
      "version": "1.0.0",
      "license": "ISC",
      "dependencies": {
        "circomlib": "^2.0.4"
      }
    },
    "node_modules/circomlib": {
      "version": "2.0.4",
      "resolved": "https://registry.npmjs.org/circomlib/-/circomlib-2.0.4.tgz",
      "integrity": "sha512-REUO97s2WUne4cy/cN9tfBQ8o/HDYnFk7sE38ippIIJBzE3Mi8+xetlRV5g1ToCKFrrWSdkGzo3w/TCX/nGQ3g=="
    }
  },
  "dependencies": {
    "circomlib": {
      "version": "2.0.4",
      "resolved": "https://registry.npmjs.org/circomlib/-/circomlib-2.0.4.tgz",
      "integrity": "sha512-REUO97s2WUne4cy/cN9tfBQ8o/HDYnFk7sE38ippIIJBzE3Mi8+xetlRV5g1ToCKFrrWSdkGzo3w/TCX/nGQ3g=="
    }
  }
}
